// !$*UTF8*$!
{
	archiveVersion = 1;
	classes = {
	};
	objectVersion = 52;
	objects = {

/* Begin PBXBuildFile section */
		232426892580C9B500998DDA /* AppDelegate.swift in Sources */ = {isa = PBXBuildFile; fileRef = 232426882580C9B500998DDA /* AppDelegate.swift */; };
		2324268B2580C9B500998DDA /* SceneDelegate.swift in Sources */ = {isa = PBXBuildFile; fileRef = 2324268A2580C9B500998DDA /* SceneDelegate.swift */; };
		2324268D2580C9B500998DDA /* ViewController.swift in Sources */ = {isa = PBXBuildFile; fileRef = 2324268C2580C9B500998DDA /* ViewController.swift */; };
		232426902580C9B500998DDA /* Main.storyboard in Resources */ = {isa = PBXBuildFile; fileRef = 2324268E2580C9B500998DDA /* Main.storyboard */; };
		232426922580C9B700998DDA /* Assets.xcassets in Resources */ = {isa = PBXBuildFile; fileRef = 232426912580C9B700998DDA /* Assets.xcassets */; };
		232426952580C9B700998DDA /* LaunchScreen.storyboard in Resources */ = {isa = PBXBuildFile; fileRef = 232426932580C9B700998DDA /* LaunchScreen.storyboard */; };
		2347C3AA259100570076A355 /* Alamofire in Frameworks */ = {isa = PBXBuildFile; productRef = 2347C3A9259100570076A355 /* Alamofire */; };
		2347C3AE2591007D0076A355 /* Kingfisher in Frameworks */ = {isa = PBXBuildFile; productRef = 2347C3AD2591007D0076A355 /* Kingfisher */; };
/* End PBXBuildFile section */

/* Begin PBXFileReference section */
		232426852580C9B500998DDA /* iOSCarePlus.app */ = {isa = PBXFileReference; explicitFileType = wrapper.application; includeInIndex = 0; path = iOSCarePlus.app; sourceTree = BUILT_PRODUCTS_DIR; };
		232426882580C9B500998DDA /* AppDelegate.swift */ = {isa = PBXFileReference; lastKnownFileType = sourcecode.swift; path = AppDelegate.swift; sourceTree = "<group>"; };
		2324268A2580C9B500998DDA /* SceneDelegate.swift */ = {isa = PBXFileReference; lastKnownFileType = sourcecode.swift; path = SceneDelegate.swift; sourceTree = "<group>"; };
		2324268C2580C9B500998DDA /* ViewController.swift */ = {isa = PBXFileReference; lastKnownFileType = sourcecode.swift; path = ViewController.swift; sourceTree = "<group>"; };
		2324268F2580C9B500998DDA /* Base */ = {isa = PBXFileReference; lastKnownFileType = file.storyboard; name = Base; path = Base.lproj/Main.storyboard; sourceTree = "<group>"; };
		232426912580C9B700998DDA /* Assets.xcassets */ = {isa = PBXFileReference; lastKnownFileType = folder.assetcatalog; path = Assets.xcassets; sourceTree = "<group>"; };
		232426942580C9B700998DDA /* Base */ = {isa = PBXFileReference; lastKnownFileType = file.storyboard; name = Base; path = Base.lproj/LaunchScreen.storyboard; sourceTree = "<group>"; };
		232426962580C9B700998DDA /* Info.plist */ = {isa = PBXFileReference; lastKnownFileType = text.plist.xml; path = Info.plist; sourceTree = "<group>"; };
/* End PBXFileReference section */

/* Begin PBXFrameworksBuildPhase section */
		232426822580C9B500998DDA /* Frameworks */ = {
			isa = PBXFrameworksBuildPhase;
			buildActionMask = 2147483647;
			files = (
				2347C3AE2591007D0076A355 /* Kingfisher in Frameworks */,
				2347C3AA259100570076A355 /* Alamofire in Frameworks */,
			);
			runOnlyForDeploymentPostprocessing = 0;
		};
/* End PBXFrameworksBuildPhase section */

/* Begin PBXGroup section */
		2324267C2580C9B400998DDA = {
			isa = PBXGroup;
			children = (
				232426872580C9B500998DDA /* iOSCarePlus */,
				232426862580C9B500998DDA /* Products */,
			);
			sourceTree = "<group>";
		};
		232426862580C9B500998DDA /* Products */ = {
			isa = PBXGroup;
			children = (
				232426852580C9B500998DDA /* iOSCarePlus.app */,
			);
			name = Products;
			sourceTree = "<group>";
		};
		232426872580C9B500998DDA /* iOSCarePlus */ = {
			isa = PBXGroup;
			children = (
				232426882580C9B500998DDA /* AppDelegate.swift */,
				2324268A2580C9B500998DDA /* SceneDelegate.swift */,
				2324268C2580C9B500998DDA /* ViewController.swift */,
				2324268E2580C9B500998DDA /* Main.storyboard */,
				232426912580C9B700998DDA /* Assets.xcassets */,
				232426932580C9B700998DDA /* LaunchScreen.storyboard */,
				232426962580C9B700998DDA /* Info.plist */,
			);
			path = iOSCarePlus;
			sourceTree = "<group>";
		};
/* End PBXGroup section */

/* Begin PBXNativeTarget section */
		232426842580C9B500998DDA /* iOSCarePlus */ = {
			isa = PBXNativeTarget;
			buildConfigurationList = 232426AF2580C9B700998DDA /* Build configuration list for PBXNativeTarget "iOSCarePlus" */;
			buildPhases = (
				23E98CDA2580FED600781B7D /* Run Swiftlint */,
				232426812580C9B500998DDA /* Sources */,
				232426822580C9B500998DDA /* Frameworks */,
				232426832580C9B500998DDA /* Resources */,
			);
			buildRules = (
			);
			dependencies = (
			);
			name = iOSCarePlus;
			packageProductDependencies = (
				2347C3A9259100570076A355 /* Alamofire */,
				2347C3AD2591007D0076A355 /* Kingfisher */,
			);
			productName = iOSCarePlus;
			productReference = 232426852580C9B500998DDA /* iOSCarePlus.app */;
			productType = "com.apple.product-type.application";
		};
/* End PBXNativeTarget section */

/* Begin PBXProject section */
		2324267D2580C9B500998DDA /* Project object */ = {
			isa = PBXProject;
			attributes = {
				LastSwiftUpdateCheck = 1220;
				LastUpgradeCheck = 1220;
				TargetAttributes = {
					232426842580C9B500998DDA = {
						CreatedOnToolsVersion = 12.2;
					};
				};
			};
			buildConfigurationList = 232426802580C9B500998DDA /* Build configuration list for PBXProject "iOSCarePlus" */;
			compatibilityVersion = "Xcode 9.3";
			developmentRegion = en;
			hasScannedForEncodings = 0;
			knownRegions = (
				en,
				Base,
			);
			mainGroup = 2324267C2580C9B400998DDA;
			packageReferences = (
				2347C3A8259100570076A355 /* XCRemoteSwiftPackageReference "Alamofire" */,
				2347C3AC2591007D0076A355 /* XCRemoteSwiftPackageReference "Kingfisher" */,
			);
			productRefGroup = 232426862580C9B500998DDA /* Products */;
			projectDirPath = "";
			projectRoot = "";
			targets = (
				232426842580C9B500998DDA /* iOSCarePlus */,
			);
		};
/* End PBXProject section */

/* Begin PBXResourcesBuildPhase section */
		232426832580C9B500998DDA /* Resources */ = {
			isa = PBXResourcesBuildPhase;
			buildActionMask = 2147483647;
			files = (
				232426952580C9B700998DDA /* LaunchScreen.storyboard in Resources */,
				232426922580C9B700998DDA /* Assets.xcassets in Resources */,
				232426902580C9B500998DDA /* Main.storyboard in Resources */,
			);
			runOnlyForDeploymentPostprocessing = 0;
		};
/* End PBXResourcesBuildPhase section */

/* Begin PBXShellScriptBuildPhase section */
		23E98CDA2580FED600781B7D /* Run Swiftlint */ = {
			isa = PBXShellScriptBuildPhase;
			buildActionMask = 2147483647;
			files = (
			);
			inputFileListPaths = (
			);
			inputPaths = (
			);
			name = "Run Swiftlint";
			outputFileListPaths = (
			);
			outputPaths = (
			);
			runOnlyForDeploymentPostprocessing = 0;
			shellPath = /bin/sh;
			shellScript = "# Type a script or drag a script file from your workspace to insert its path.\nif which swiftlint >/dev/null; then\n  swiftlint\nelse\n  echo \"warning: SwiftLint not installed, download from https://github.com/realm/SwiftLint\"\nfi\n";
		};
/* End PBXShellScriptBuildPhase section */

/* Begin PBXSourcesBuildPhase section */
		232426812580C9B500998DDA /* Sources */ = {
			isa = PBXSourcesBuildPhase;
			buildActionMask = 2147483647;
			files = (
				2324268D2580C9B500998DDA /* ViewController.swift in Sources */,
				232426892580C9B500998DDA /* AppDelegate.swift in Sources */,
				2324268B2580C9B500998DDA /* SceneDelegate.swift in Sources */,
			);
			runOnlyForDeploymentPostprocessing = 0;
		};
/* End PBXSourcesBuildPhase section */

/* Begin PBXVariantGroup section */
		2324268E2580C9B500998DDA /* Main.storyboard */ = {
			isa = PBXVariantGroup;
			children = (
				2324268F2580C9B500998DDA /* Base */,
			);
			name = Main.storyboard;
			sourceTree = "<group>";
		};
		232426932580C9B700998DDA /* LaunchScreen.storyboard */ = {
			isa = PBXVariantGroup;
			children = (
				232426942580C9B700998DDA /* Base */,
			);
			name = LaunchScreen.storyboard;
			sourceTree = "<group>";
		};
/* End PBXVariantGroup section */

/* Begin XCBuildConfiguration section */
		232426AD2580C9B700998DDA /* Debug */ = {
			isa = XCBuildConfiguration;
			buildSettings = {
				ALWAYS_SEARCH_USER_PATHS = NO;
				CLANG_ANALYZER_NONNULL = YES;
				CLANG_ANALYZER_NUMBER_OBJECT_CONVERSION = YES_AGGRESSIVE;
				CLANG_CXX_LANGUAGE_STANDARD = "gnu++14";
				CLANG_CXX_LIBRARY = "libc++";
				CLANG_ENABLE_MODULES = YES;
				CLANG_ENABLE_OBJC_ARC = YES;
				CLANG_ENABLE_OBJC_WEAK = YES;
				CLANG_WARN_BLOCK_CAPTURE_AUTORELEASING = YES;
				CLANG_WARN_BOOL_CONVERSION = YES;
				CLANG_WARN_COMMA = YES;
				CLANG_WARN_CONSTANT_CONVERSION = YES;
				CLANG_WARN_DEPRECATED_OBJC_IMPLEMENTATIONS = YES;
				CLANG_WARN_DIRECT_OBJC_ISA_USAGE = YES_ERROR;
				CLANG_WARN_DOCUMENTATION_COMMENTS = YES;
				CLANG_WARN_EMPTY_BODY = YES;
				CLANG_WARN_ENUM_CONVERSION = YES;
				CLANG_WARN_INFINITE_RECURSION = YES;
				CLANG_WARN_INT_CONVERSION = YES;
				CLANG_WARN_NON_LITERAL_NULL_CONVERSION = YES;
				CLANG_WARN_OBJC_IMPLICIT_RETAIN_SELF = YES;
				CLANG_WARN_OBJC_LITERAL_CONVERSION = YES;
				CLANG_WARN_OBJC_ROOT_CLASS = YES_ERROR;
				CLANG_WARN_QUOTED_INCLUDE_IN_FRAMEWORK_HEADER = YES;
				CLANG_WARN_RANGE_LOOP_ANALYSIS = YES;
				CLANG_WARN_STRICT_PROTOTYPES = YES;
				CLANG_WARN_SUSPICIOUS_MOVE = YES;
				CLANG_WARN_UNGUARDED_AVAILABILITY = YES_AGGRESSIVE;
				CLANG_WARN_UNREACHABLE_CODE = YES;
				CLANG_WARN__DUPLICATE_METHOD_MATCH = YES;
				COPY_PHASE_STRIP = NO;
				DEBUG_INFORMATION_FORMAT = dwarf;
				ENABLE_STRICT_OBJC_MSGSEND = YES;
				ENABLE_TESTABILITY = YES;
				GCC_C_LANGUAGE_STANDARD = gnu11;
				GCC_DYNAMIC_NO_PIC = NO;
				GCC_NO_COMMON_BLOCKS = YES;
				GCC_OPTIMIZATION_LEVEL = 0;
				GCC_PREPROCESSOR_DEFINITIONS = (
					"DEBUG=1",
					"$(inherited)",
				);
				GCC_WARN_64_TO_32_BIT_CONVERSION = YES;
				GCC_WARN_ABOUT_RETURN_TYPE = YES_ERROR;
				GCC_WARN_UNDECLARED_SELECTOR = YES;
				GCC_WARN_UNINITIALIZED_AUTOS = YES_AGGRESSIVE;
				GCC_WARN_UNUSED_FUNCTION = YES;
				GCC_WARN_UNUSED_VARIABLE = YES;
				IPHONEOS_DEPLOYMENT_TARGET = 14.2;
				MTL_ENABLE_DEBUG_INFO = INCLUDE_SOURCE;
				MTL_FAST_MATH = YES;
				ONLY_ACTIVE_ARCH = YES;
				SDKROOT = iphoneos;
				SWIFT_ACTIVE_COMPILATION_CONDITIONS = DEBUG;
				SWIFT_OPTIMIZATION_LEVEL = "-Onone";
			};
			name = Debug;
		};
		232426AE2580C9B700998DDA /* Release */ = {
			isa = XCBuildConfiguration;
			buildSettings = {
				ALWAYS_SEARCH_USER_PATHS = NO;
				CLANG_ANALYZER_NONNULL = YES;
				CLANG_ANALYZER_NUMBER_OBJECT_CONVERSION = YES_AGGRESSIVE;
				CLANG_CXX_LANGUAGE_STANDARD = "gnu++14";
				CLANG_CXX_LIBRARY = "libc++";
				CLANG_ENABLE_MODULES = YES;
				CLANG_ENABLE_OBJC_ARC = YES;
				CLANG_ENABLE_OBJC_WEAK = YES;
				CLANG_WARN_BLOCK_CAPTURE_AUTORELEASING = YES;
				CLANG_WARN_BOOL_CONVERSION = YES;
				CLANG_WARN_COMMA = YES;
				CLANG_WARN_CONSTANT_CONVERSION = YES;
				CLANG_WARN_DEPRECATED_OBJC_IMPLEMENTATIONS = YES;
				CLANG_WARN_DIRECT_OBJC_ISA_USAGE = YES_ERROR;
				CLANG_WARN_DOCUMENTATION_COMMENTS = YES;
				CLANG_WARN_EMPTY_BODY = YES;
				CLANG_WARN_ENUM_CONVERSION = YES;
				CLANG_WARN_INFINITE_RECURSION = YES;
				CLANG_WARN_INT_CONVERSION = YES;
				CLANG_WARN_NON_LITERAL_NULL_CONVERSION = YES;
				CLANG_WARN_OBJC_IMPLICIT_RETAIN_SELF = YES;
				CLANG_WARN_OBJC_LITERAL_CONVERSION = YES;
				CLANG_WARN_OBJC_ROOT_CLASS = YES_ERROR;
				CLANG_WARN_QUOTED_INCLUDE_IN_FRAMEWORK_HEADER = YES;
				CLANG_WARN_RANGE_LOOP_ANALYSIS = YES;
				CLANG_WARN_STRICT_PROTOTYPES = YES;
				CLANG_WARN_SUSPICIOUS_MOVE = YES;
				CLANG_WARN_UNGUARDED_AVAILABILITY = YES_AGGRESSIVE;
				CLANG_WARN_UNREACHABLE_CODE = YES;
				CLANG_WARN__DUPLICATE_METHOD_MATCH = YES;
				COPY_PHASE_STRIP = NO;
				DEBUG_INFORMATION_FORMAT = "dwarf-with-dsym";
				ENABLE_NS_ASSERTIONS = NO;
				ENABLE_STRICT_OBJC_MSGSEND = YES;
				GCC_C_LANGUAGE_STANDARD = gnu11;
				GCC_NO_COMMON_BLOCKS = YES;
				GCC_WARN_64_TO_32_BIT_CONVERSION = YES;
				GCC_WARN_ABOUT_RETURN_TYPE = YES_ERROR;
				GCC_WARN_UNDECLARED_SELECTOR = YES;
				GCC_WARN_UNINITIALIZED_AUTOS = YES_AGGRESSIVE;
				GCC_WARN_UNUSED_FUNCTION = YES;
				GCC_WARN_UNUSED_VARIABLE = YES;
				IPHONEOS_DEPLOYMENT_TARGET = 14.2;
				MTL_ENABLE_DEBUG_INFO = NO;
				MTL_FAST_MATH = YES;
				SDKROOT = iphoneos;
				SWIFT_COMPILATION_MODE = wholemodule;
				SWIFT_OPTIMIZATION_LEVEL = "-O";
				VALIDATE_PRODUCT = YES;
			};
			name = Release;
		};
		232426B02580C9B700998DDA /* Debug */ = {
			isa = XCBuildConfiguration;
			buildSettings = {
				ASSETCATALOG_COMPILER_APPICON_NAME = AppIcon;
				ASSETCATALOG_COMPILER_GLOBAL_ACCENT_COLOR_NAME = AccentColor;
				CODE_SIGN_STYLE = Automatic;
				DEVELOPMENT_TEAM = CHL8Y83Z89;
				INFOPLIST_FILE = iOSCarePlus/Info.plist;
				LD_RUNPATH_SEARCH_PATHS = (
					"$(inherited)",
					"@executable_path/Frameworks",
				);
				PRODUCT_BUNDLE_IDENTIFIER = com.jin.haribo.iOSCarePlus;
				PRODUCT_NAME = "$(TARGET_NAME)";
				SWIFT_VERSION = 5.0;
				TARGETED_DEVICE_FAMILY = "1,2";
			};
			name = Debug;
		};
		232426B12580C9B700998DDA /* Release */ = {
			isa = XCBuildConfiguration;
			buildSettings = {
				ASSETCATALOG_COMPILER_APPICON_NAME = AppIcon;
				ASSETCATALOG_COMPILER_GLOBAL_ACCENT_COLOR_NAME = AccentColor;
				CODE_SIGN_STYLE = Automatic;
				DEVELOPMENT_TEAM = CHL8Y83Z89;
				INFOPLIST_FILE = iOSCarePlus/Info.plist;
				LD_RUNPATH_SEARCH_PATHS = (
					"$(inherited)",
					"@executable_path/Frameworks",
				);
				PRODUCT_BUNDLE_IDENTIFIER = com.jin.haribo.iOSCarePlus;
				PRODUCT_NAME = "$(TARGET_NAME)";
				SWIFT_VERSION = 5.0;
				TARGETED_DEVICE_FAMILY = "1,2";
			};
			name = Release;
		};
/* End XCBuildConfiguration section */

/* Begin XCConfigurationList section */
		232426802580C9B500998DDA /* Build configuration list for PBXProject "iOSCarePlus" */ = {
			isa = XCConfigurationList;
			buildConfigurations = (
				232426AD2580C9B700998DDA /* Debug */,
				232426AE2580C9B700998DDA /* Release */,
			);
			defaultConfigurationIsVisible = 0;
			defaultConfigurationName = Release;
		};
		232426AF2580C9B700998DDA /* Build configuration list for PBXNativeTarget "iOSCarePlus" */ = {
			isa = XCConfigurationList;
			buildConfigurations = (
				232426B02580C9B700998DDA /* Debug */,
				232426B12580C9B700998DDA /* Release */,
			);
			defaultConfigurationIsVisible = 0;
			defaultConfigurationName = Release;
		};
/* End XCConfigurationList section */

/* Begin XCRemoteSwiftPackageReference section */
		2347C3A8259100570076A355 /* XCRemoteSwiftPackageReference "Alamofire" */ = {
			isa = XCRemoteSwiftPackageReference;
			repositoryURL = "https://github.com/Alamofire/Alamofire.git";
			requirement = {
				kind = upToNextMajorVersion;
				minimumVersion = 5.4.0;
			};
		};
		2347C3AC2591007D0076A355 /* XCRemoteSwiftPackageReference "Kingfisher" */ = {
			isa = XCRemoteSwiftPackageReference;
			repositoryURL = "https://github.com/onevcat/Kingfisher";
			requirement = {
				kind = upToNextMajorVersion;
				minimumVersion = 5.15.8;
			};
		};
/* End XCRemoteSwiftPackageReference section */

/* Begin XCSwiftPackageProductDependency section */
		2347C3A9259100570076A355 /* Alamofire */ = {
			isa = XCSwiftPackageProductDependency;
			package = 2347C3A8259100570076A355 /* XCRemoteSwiftPackageReference "Alamofire" */;
			productName = Alamofire;
		};
		2347C3AD2591007D0076A355 /* Kingfisher */ = {
			isa = XCSwiftPackageProductDependency;
			package = 2347C3AC2591007D0076A355 /* XCRemoteSwiftPackageReference "Kingfisher" */;
			productName = Kingfisher;
		};
/* End XCSwiftPackageProductDependency section */
	};
	rootObject = 2324267D2580C9B500998DDA /* Project object */;
}
